
Microsoft Visual Studio Solution File, Format Version 12.00
# Visual Studio 2012
Project("{FAE04EC0-301F-11D3-BF4B-00C04F79EFBC}") = "ConsoleTest", "ConsoleTest.csproj", "{D7AA2C0C-0232-4D1F-9DD0-B946506406CC}"
EndProject
Global
	GlobalSection(SolutionConfigurationPlatforms) = preSolution
		Debug|Any CPU = Debug|Any CPU
		Release|Any CPU = Release|Any CPU
	EndGlobalSection
	GlobalSection(ProjectConfigurationPlatforms) = postSolution
		{D7AA2C0C-0232-4D1F-9DD0-B946506406CC}.Debug|Any CPU.ActiveCfg = Debug|Any CPU
		{D7AA2C0C-0232-4D1F-9DD0-B946506406CC}.Debug|Any CPU.Build.0 = Debug|Any CPU
		{D7AA2C0C-0232-4D1F-9DD0-B946506406CC}.Release|Any CPU.ActiveCfg = Release|Any CPU
		{D7AA2C0C-0232-4D1F-9DD0-B946506406CC}.Release|Any CPU.Build.0 = Release|Any CPU
	EndGlobalSection
	GlobalSection(SolutionProperties) = preSolution
		HideSolutionNode = FALSE
	EndGlobalSection
EndGlobal
